
Microsoft Visual Studio Solution File, Format Version 12.00
# Visual Studio Version 16
VisualStudioVersion = 16.0.29519.87
MinimumVisualStudioVersion = 10.0.40219.1
Project("{8BC9CEB8-8B4A-11D0-8D11-00A0C91BC942}") = "recetteSecrete", "recetteSecrete.vcxproj", "{A09B1F45-2AF6-4ACC-932D-5BE0A254235F}"
EndProject
Global
	GlobalSection(SolutionConfigurationPlatforms) = preSolution
		Debug|x64 = Debug|x64
		Debug|x86 = Debug|x86
		Release|x64 = Release|x64
		Release|x86 = Release|x86
	EndGlobalSection
	GlobalSection(ProjectConfigurationPlatforms) = postSolution
		{A09B1F45-2AF6-4ACC-932D-5BE0A254235F}.Debug|x64.ActiveCfg = Debug|x64
		{A09B1F45-2AF6-4ACC-932D-5BE0A254235F}.Debug|x64.Build.0 = Debug|x64
		{A09B1F45-2AF6-4ACC-932D-5BE0A254235F}.Debug|x86.ActiveCfg = Debug|Win32
		{A09B1F45-2AF6-4ACC-932D-5BE0A254235F}.Debug|x86.Build.0 = Debug|Win32
		{A09B1F45-2AF6-4ACC-932D-5BE0A254235F}.Release|x64.ActiveCfg = Release|x64
		{A09B1F45-2AF6-4ACC-932D-5BE0A254235F}.Release|x64.Build.0 = Release|x64
		{A09B1F45-2AF6-4ACC-932D-5BE0A254235F}.Release|x86.ActiveCfg = Release|Win32
		{A09B1F45-2AF6-4ACC-932D-5BE0A254235F}.Release|x86.Build.0 = Release|Win32
	EndGlobalSection
	GlobalSection(SolutionProperties) = preSolution
		HideSolutionNode = FALSE
	EndGlobalSection
	GlobalSection(ExtensibilityGlobals) = postSolution
		SolutionGuid = {787D8F4B-D87F-42B6-9B7E-93212C0D9567}
	EndGlobalSection
EndGlobal
